// !$*UTF8*$!
{
	archiveVersion = 1;
	classes = {
	};
	objectVersion = 50;
	objects = {

/* Begin PBXBuildFile section */
		0EFAF5533EEFA522D3D3F1C2 /* Pods_ToDoListUITests.framework in Frameworks */ = {isa = PBXBuildFile; fileRef = DCA77C2A50C4EA9F371E0E8E /* Pods_ToDoListUITests.framework */; };
		1884FB3921AD166B00C5E2AE /* AppDelegate.swift in Sources */ = {isa = PBXBuildFile; fileRef = 1884FB3821AD166B00C5E2AE /* AppDelegate.swift */; };
		1884FB3E21AD166B00C5E2AE /* Main.storyboard in Resources */ = {isa = PBXBuildFile; fileRef = 1884FB3C21AD166B00C5E2AE /* Main.storyboard */; };
		1884FB4121AD166B00C5E2AE /* ToDoList.xcdatamodeld in Sources */ = {isa = PBXBuildFile; fileRef = 1884FB3F21AD166B00C5E2AE /* ToDoList.xcdatamodeld */; };
		1884FB4321AD167000C5E2AE /* Assets.xcassets in Resources */ = {isa = PBXBuildFile; fileRef = 1884FB4221AD167000C5E2AE /* Assets.xcassets */; };
		1884FB4621AD167000C5E2AE /* LaunchScreen.storyboard in Resources */ = {isa = PBXBuildFile; fileRef = 1884FB4421AD167000C5E2AE /* LaunchScreen.storyboard */; };
		1884FB5121AD167000C5E2AE /* ToDoListTests.swift in Sources */ = {isa = PBXBuildFile; fileRef = 1884FB5021AD167000C5E2AE /* ToDoListTests.swift */; };
		1884FB5C21AD167000C5E2AE /* ToDoListUITests.swift in Sources */ = {isa = PBXBuildFile; fileRef = 1884FB5B21AD167000C5E2AE /* ToDoListUITests.swift */; };
		1884FB7621AD175000C5E2AE /* ToDoListViewController.swift in Sources */ = {isa = PBXBuildFile; fileRef = 1884FB7521AD175000C5E2AE /* ToDoListViewController.swift */; };
		1884FB7821AD1FBC00C5E2AE /* ToDoListTableViewCell.swift in Sources */ = {isa = PBXBuildFile; fileRef = 1884FB7721AD1FBC00C5E2AE /* ToDoListTableViewCell.swift */; };
		1884FB7A21AD209A00C5E2AE /* UITableViewExtension.swift in Sources */ = {isa = PBXBuildFile; fileRef = 1884FB7921AD209A00C5E2AE /* UITableViewExtension.swift */; };
		1884FB7C21AD269100C5E2AE /* CreateEditToDoViewController.swift in Sources */ = {isa = PBXBuildFile; fileRef = 1884FB7B21AD269100C5E2AE /* CreateEditToDoViewController.swift */; };
		1884FB8221AD4E2800C5E2AE /* Constants.swift in Sources */ = {isa = PBXBuildFile; fileRef = 1884FB8121AD4E2800C5E2AE /* Constants.swift */; };
		1884FB8421AD7AFB00C5E2AE /* DBHelper.swift in Sources */ = {isa = PBXBuildFile; fileRef = 1884FB8321AD7AFB00C5E2AE /* DBHelper.swift */; };
		1884FB8721ADAC8E00C5E2AE /* LoginViewController.swift in Sources */ = {isa = PBXBuildFile; fileRef = 1884FB8621ADAC8E00C5E2AE /* LoginViewController.swift */; };
		5BC719BEB2EE31628C3421C2 /* Pods_ToDoList.framework in Frameworks */ = {isa = PBXBuildFile; fileRef = CD80D55D716BA93E44C4E1C6 /* Pods_ToDoList.framework */; };
		CFB24FFC82183241ACBE32C2 /* Pods_ToDoListTests.framework in Frameworks */ = {isa = PBXBuildFile; fileRef = E9535FE332AA7E727EAB8206 /* Pods_ToDoListTests.framework */; };
/* End PBXBuildFile section */

/* Begin PBXContainerItemProxy section */
		1884FB4D21AD167000C5E2AE /* PBXContainerItemProxy */ = {
			isa = PBXContainerItemProxy;
			containerPortal = 1884FB2D21AD166A00C5E2AE /* Project object */;
			proxyType = 1;
			remoteGlobalIDString = 1884FB3421AD166A00C5E2AE;
			remoteInfo = ToDoList;
		};
		1884FB5821AD167000C5E2AE /* PBXContainerItemProxy */ = {
			isa = PBXContainerItemProxy;
			containerPortal = 1884FB2D21AD166A00C5E2AE /* Project object */;
			proxyType = 1;
			remoteGlobalIDString = 1884FB3421AD166A00C5E2AE;
			remoteInfo = ToDoList;
		};
/* End PBXContainerItemProxy section */

/* Begin PBXFileReference section */
		16FF5B6ECB8B48C896E1C548 /* Pods-ToDoListUITests.debug.xcconfig */ = {isa = PBXFileReference; includeInIndex = 1; lastKnownFileType = text.xcconfig; name = "Pods-ToDoListUITests.debug.xcconfig"; path = "Pods/Target Support Files/Pods-ToDoListUITests/Pods-ToDoListUITests.debug.xcconfig"; sourceTree = "<group>"; };
		1884FB3521AD166B00C5E2AE /* ToDoList.app */ = {isa = PBXFileReference; explicitFileType = wrapper.application; includeInIndex = 0; path = ToDoList.app; sourceTree = BUILT_PRODUCTS_DIR; };
		1884FB3821AD166B00C5E2AE /* AppDelegate.swift */ = {isa = PBXFileReference; lastKnownFileType = sourcecode.swift; path = AppDelegate.swift; sourceTree = "<group>"; };
		1884FB3D21AD166B00C5E2AE /* Base */ = {isa = PBXFileReference; lastKnownFileType = file.storyboard; name = Base; path = Base.lproj/Main.storyboard; sourceTree = "<group>"; };
		1884FB4021AD166B00C5E2AE /* ToDoList.xcdatamodel */ = {isa = PBXFileReference; lastKnownFileType = wrapper.xcdatamodel; path = ToDoList.xcdatamodel; sourceTree = "<group>"; };
		1884FB4221AD167000C5E2AE /* Assets.xcassets */ = {isa = PBXFileReference; lastKnownFileType = folder.assetcatalog; path = Assets.xcassets; sourceTree = "<group>"; };
		1884FB4521AD167000C5E2AE /* Base */ = {isa = PBXFileReference; lastKnownFileType = file.storyboard; name = Base; path = Base.lproj/LaunchScreen.storyboard; sourceTree = "<group>"; };
		1884FB4721AD167000C5E2AE /* Info.plist */ = {isa = PBXFileReference; lastKnownFileType = text.plist.xml; path = Info.plist; sourceTree = "<group>"; };
		1884FB4C21AD167000C5E2AE /* ToDoListTests.xctest */ = {isa = PBXFileReference; explicitFileType = wrapper.cfbundle; includeInIndex = 0; path = ToDoListTests.xctest; sourceTree = BUILT_PRODUCTS_DIR; };
		1884FB5021AD167000C5E2AE /* ToDoListTests.swift */ = {isa = PBXFileReference; lastKnownFileType = sourcecode.swift; path = ToDoListTests.swift; sourceTree = "<group>"; };
		1884FB5221AD167000C5E2AE /* Info.plist */ = {isa = PBXFileReference; lastKnownFileType = text.plist.xml; path = Info.plist; sourceTree = "<group>"; };
		1884FB5721AD167000C5E2AE /* ToDoListUITests.xctest */ = {isa = PBXFileReference; explicitFileType = wrapper.cfbundle; includeInIndex = 0; path = ToDoListUITests.xctest; sourceTree = BUILT_PRODUCTS_DIR; };
		1884FB5B21AD167000C5E2AE /* ToDoListUITests.swift */ = {isa = PBXFileReference; lastKnownFileType = sourcecode.swift; path = ToDoListUITests.swift; sourceTree = "<group>"; };
		1884FB5D21AD167000C5E2AE /* Info.plist */ = {isa = PBXFileReference; lastKnownFileType = text.plist.xml; path = Info.plist; sourceTree = "<group>"; };
		1884FB7521AD175000C5E2AE /* ToDoListViewController.swift */ = {isa = PBXFileReference; lastKnownFileType = sourcecode.swift; path = ToDoListViewController.swift; sourceTree = "<group>"; };
		1884FB7721AD1FBC00C5E2AE /* ToDoListTableViewCell.swift */ = {isa = PBXFileReference; lastKnownFileType = sourcecode.swift; path = ToDoListTableViewCell.swift; sourceTree = "<group>"; };
		1884FB7921AD209A00C5E2AE /* UITableViewExtension.swift */ = {isa = PBXFileReference; lastKnownFileType = sourcecode.swift; path = UITableViewExtension.swift; sourceTree = "<group>"; };
		1884FB7B21AD269100C5E2AE /* CreateEditToDoViewController.swift */ = {isa = PBXFileReference; lastKnownFileType = sourcecode.swift; path = CreateEditToDoViewController.swift; sourceTree = "<group>"; };
		1884FB8121AD4E2800C5E2AE /* Constants.swift */ = {isa = PBXFileReference; lastKnownFileType = sourcecode.swift; path = Constants.swift; sourceTree = "<group>"; };
		1884FB8321AD7AFB00C5E2AE /* DBHelper.swift */ = {isa = PBXFileReference; lastKnownFileType = sourcecode.swift; path = DBHelper.swift; sourceTree = "<group>"; };
		1884FB8621ADAC8E00C5E2AE /* LoginViewController.swift */ = {isa = PBXFileReference; lastKnownFileType = sourcecode.swift; path = LoginViewController.swift; sourceTree = "<group>"; };
		67293A8F36F86A5DBA854FE7 /* Pods-ToDoListUITests.release.xcconfig */ = {isa = PBXFileReference; includeInIndex = 1; lastKnownFileType = text.xcconfig; name = "Pods-ToDoListUITests.release.xcconfig"; path = "Pods/Target Support Files/Pods-ToDoListUITests/Pods-ToDoListUITests.release.xcconfig"; sourceTree = "<group>"; };
		82994AB2FEDF6E21C2EB81B3 /* Pods-ToDoList.release.xcconfig */ = {isa = PBXFileReference; includeInIndex = 1; lastKnownFileType = text.xcconfig; name = "Pods-ToDoList.release.xcconfig"; path = "Pods/Target Support Files/Pods-ToDoList/Pods-ToDoList.release.xcconfig"; sourceTree = "<group>"; };
		8E4CE058DE2C827D392A9189 /* Pods-ToDoListTests.release.xcconfig */ = {isa = PBXFileReference; includeInIndex = 1; lastKnownFileType = text.xcconfig; name = "Pods-ToDoListTests.release.xcconfig"; path = "Pods/Target Support Files/Pods-ToDoListTests/Pods-ToDoListTests.release.xcconfig"; sourceTree = "<group>"; };
		911BC6C2F9E2156F6FA96A5C /* Pods-ToDoListTests.debug.xcconfig */ = {isa = PBXFileReference; includeInIndex = 1; lastKnownFileType = text.xcconfig; name = "Pods-ToDoListTests.debug.xcconfig"; path = "Pods/Target Support Files/Pods-ToDoListTests/Pods-ToDoListTests.debug.xcconfig"; sourceTree = "<group>"; };
		CD80D55D716BA93E44C4E1C6 /* Pods_ToDoList.framework */ = {isa = PBXFileReference; explicitFileType = wrapper.framework; includeInIndex = 0; path = Pods_ToDoList.framework; sourceTree = BUILT_PRODUCTS_DIR; };
		DCA77C2A50C4EA9F371E0E8E /* Pods_ToDoListUITests.framework */ = {isa = PBXFileReference; explicitFileType = wrapper.framework; includeInIndex = 0; path = Pods_ToDoListUITests.framework; sourceTree = BUILT_PRODUCTS_DIR; };
		E9535FE332AA7E727EAB8206 /* Pods_ToDoListTests.framework */ = {isa = PBXFileReference; explicitFileType = wrapper.framework; includeInIndex = 0; path = Pods_ToDoListTests.framework; sourceTree = BUILT_PRODUCTS_DIR; };
		F57DCD36517F5551903711D1 /* Pods-ToDoList.debug.xcconfig */ = {isa = PBXFileReference; includeInIndex = 1; lastKnownFileType = text.xcconfig; name = "Pods-ToDoList.debug.xcconfig"; path = "Pods/Target Support Files/Pods-ToDoList/Pods-ToDoList.debug.xcconfig"; sourceTree = "<group>"; };
/* End PBXFileReference section */

/* Begin PBXFrameworksBuildPhase section */
		1884FB3221AD166A00C5E2AE /* Frameworks */ = {
			isa = PBXFrameworksBuildPhase;
			buildActionMask = 2147483647;
			files = (
				5BC719BEB2EE31628C3421C2 /* Pods_ToDoList.framework in Frameworks */,
			);
			runOnlyForDeploymentPostprocessing = 0;
		};
		1884FB4921AD167000C5E2AE /* Frameworks */ = {
			isa = PBXFrameworksBuildPhase;
			buildActionMask = 2147483647;
			files = (
				CFB24FFC82183241ACBE32C2 /* Pods_ToDoListTests.framework in Frameworks */,
			);
			runOnlyForDeploymentPostprocessing = 0;
		};
		1884FB5421AD167000C5E2AE /* Frameworks */ = {
			isa = PBXFrameworksBuildPhase;
			buildActionMask = 2147483647;
			files = (
				0EFAF5533EEFA522D3D3F1C2 /* Pods_ToDoListUITests.framework in Frameworks */,
			);
			runOnlyForDeploymentPostprocessing = 0;
		};
/* End PBXFrameworksBuildPhase section */

/* Begin PBXGroup section */
		0EF2F6B227438996A63CCFD5 /* Pods */ = {
			isa = PBXGroup;
			children = (
				F57DCD36517F5551903711D1 /* Pods-ToDoList.debug.xcconfig */,
				82994AB2FEDF6E21C2EB81B3 /* Pods-ToDoList.release.xcconfig */,
				911BC6C2F9E2156F6FA96A5C /* Pods-ToDoListTests.debug.xcconfig */,
				8E4CE058DE2C827D392A9189 /* Pods-ToDoListTests.release.xcconfig */,
				16FF5B6ECB8B48C896E1C548 /* Pods-ToDoListUITests.debug.xcconfig */,
				67293A8F36F86A5DBA854FE7 /* Pods-ToDoListUITests.release.xcconfig */,
			);
			name = Pods;
			sourceTree = "<group>";
		};
		1884FB2C21AD166A00C5E2AE = {
			isa = PBXGroup;
			children = (
				1884FB3721AD166B00C5E2AE /* ToDoList */,
				1884FB4F21AD167000C5E2AE /* ToDoListTests */,
				1884FB5A21AD167000C5E2AE /* ToDoListUITests */,
				1884FB3621AD166B00C5E2AE /* Products */,
				0EF2F6B227438996A63CCFD5 /* Pods */,
				E139B4B68484FEF37E356518 /* Frameworks */,
			);
			sourceTree = "<group>";
		};
		1884FB3621AD166B00C5E2AE /* Products */ = {
			isa = PBXGroup;
			children = (
				1884FB3521AD166B00C5E2AE /* ToDoList.app */,
				1884FB4C21AD167000C5E2AE /* ToDoListTests.xctest */,
				1884FB5721AD167000C5E2AE /* ToDoListUITests.xctest */,
			);
			name = Products;
			sourceTree = "<group>";
		};
		1884FB3721AD166B00C5E2AE /* ToDoList */ = {
			isa = PBXGroup;
			children = (
				1884FB7221AD170800C5E2AE /* Controller */,
				1884FB7421AD170800C5E2AE /* Model */,
				1884FB7321AD170800C5E2AE /* View */,
				1884FB8521ADA03500C5E2AE /* Extensions */,
				1884FB3821AD166B00C5E2AE /* AppDelegate.swift */,
				1884FB8121AD4E2800C5E2AE /* Constants.swift */,
				1884FB8321AD7AFB00C5E2AE /* DBHelper.swift */,
				1884FB4221AD167000C5E2AE /* Assets.xcassets */,
				1884FB4721AD167000C5E2AE /* Info.plist */,
			);
			path = ToDoList;
			sourceTree = "<group>";
		};
		1884FB4F21AD167000C5E2AE /* ToDoListTests */ = {
			isa = PBXGroup;
			children = (
				1884FB5021AD167000C5E2AE /* ToDoListTests.swift */,
				1884FB5221AD167000C5E2AE /* Info.plist */,
			);
			path = ToDoListTests;
			sourceTree = "<group>";
		};
		1884FB5A21AD167000C5E2AE /* ToDoListUITests */ = {
			isa = PBXGroup;
			children = (
				1884FB5B21AD167000C5E2AE /* ToDoListUITests.swift */,
				1884FB5D21AD167000C5E2AE /* Info.plist */,
			);
			path = ToDoListUITests;
			sourceTree = "<group>";
		};
		1884FB7221AD170800C5E2AE /* Controller */ = {
			isa = PBXGroup;
			children = (
				1884FB7521AD175000C5E2AE /* ToDoListViewController.swift */,
				1884FB7B21AD269100C5E2AE /* CreateEditToDoViewController.swift */,
				1884FB8621ADAC8E00C5E2AE /* LoginViewController.swift */,
			);
			path = Controller;
			sourceTree = "<group>";
		};
		1884FB7321AD170800C5E2AE /* View */ = {
			isa = PBXGroup;
			children = (
				1884FB3C21AD166B00C5E2AE /* Main.storyboard */,
				1884FB4421AD167000C5E2AE /* LaunchScreen.storyboard */,
				1884FB7721AD1FBC00C5E2AE /* ToDoListTableViewCell.swift */,
			);
			path = View;
			sourceTree = "<group>";
		};
		1884FB7421AD170800C5E2AE /* Model */ = {
			isa = PBXGroup;
			children = (
				1884FB3F21AD166B00C5E2AE /* ToDoList.xcdatamodeld */,
			);
			path = Model;
			sourceTree = "<group>";
		};
		1884FB8521ADA03500C5E2AE /* Extensions */ = {
			isa = PBXGroup;
			children = (
				1884FB7921AD209A00C5E2AE /* UITableViewExtension.swift */,
			);
			path = Extensions;
			sourceTree = "<group>";
		};
		E139B4B68484FEF37E356518 /* Frameworks */ = {
			isa = PBXGroup;
			children = (
				CD80D55D716BA93E44C4E1C6 /* Pods_ToDoList.framework */,
				E9535FE332AA7E727EAB8206 /* Pods_ToDoListTests.framework */,
				DCA77C2A50C4EA9F371E0E8E /* Pods_ToDoListUITests.framework */,
			);
			name = Frameworks;
			sourceTree = "<group>";
		};
/* End PBXGroup section */

/* Begin PBXNativeTarget section */
		1884FB3421AD166A00C5E2AE /* ToDoList */ = {
			isa = PBXNativeTarget;
			buildConfigurationList = 1884FB6021AD167000C5E2AE /* Build configuration list for PBXNativeTarget "ToDoList" */;
			buildPhases = (
				16279F247F6EF2FB1CF9559B /* [CP] Check Pods Manifest.lock */,
				1884FB3121AD166A00C5E2AE /* Sources */,
				1884FB3221AD166A00C5E2AE /* Frameworks */,
				1884FB3321AD166A00C5E2AE /* Resources */,
				578D33CD171D49EA7CB2BFE6 /* [CP] Embed Pods Frameworks */,
				4DCE4D064488C5E92D773070 /* [CP] Copy Pods Resources */,
			);
			buildRules = (
			);
			dependencies = (
			);
			name = ToDoList;
			productName = ToDoList;
			productReference = 1884FB3521AD166B00C5E2AE /* ToDoList.app */;
			productType = "com.apple.product-type.application";
		};
		1884FB4B21AD167000C5E2AE /* ToDoListTests */ = {
			isa = PBXNativeTarget;
			buildConfigurationList = 1884FB6321AD167000C5E2AE /* Build configuration list for PBXNativeTarget "ToDoListTests" */;
			buildPhases = (
				7AACF3A74542AB486D0443DC /* [CP] Check Pods Manifest.lock */,
				1884FB4821AD167000C5E2AE /* Sources */,
				1884FB4921AD167000C5E2AE /* Frameworks */,
				1884FB4A21AD167000C5E2AE /* Resources */,
			);
			buildRules = (
			);
			dependencies = (
				1884FB4E21AD167000C5E2AE /* PBXTargetDependency */,
			);
			name = ToDoListTests;
			productName = ToDoListTests;
			productReference = 1884FB4C21AD167000C5E2AE /* ToDoListTests.xctest */;
			productType = "com.apple.product-type.bundle.unit-test";
		};
		1884FB5621AD167000C5E2AE /* ToDoListUITests */ = {
			isa = PBXNativeTarget;
			buildConfigurationList = 1884FB6621AD167000C5E2AE /* Build configuration list for PBXNativeTarget "ToDoListUITests" */;
			buildPhases = (
				F2C8C90E41DB99A4BA451C54 /* [CP] Check Pods Manifest.lock */,
				1884FB5321AD167000C5E2AE /* Sources */,
				1884FB5421AD167000C5E2AE /* Frameworks */,
				1884FB5521AD167000C5E2AE /* Resources */,
			);
			buildRules = (
			);
			dependencies = (
				1884FB5921AD167000C5E2AE /* PBXTargetDependency */,
			);
			name = ToDoListUITests;
			productName = ToDoListUITests;
			productReference = 1884FB5721AD167000C5E2AE /* ToDoListUITests.xctest */;
			productType = "com.apple.product-type.bundle.ui-testing";
		};
/* End PBXNativeTarget section */

/* Begin PBXProject section */
		1884FB2D21AD166A00C5E2AE /* Project object */ = {
			isa = PBXProject;
			attributes = {
				LastSwiftUpdateCheck = 1000;
				LastUpgradeCheck = 1000;
				ORGANIZATIONNAME = Faris;
				TargetAttributes = {
					1884FB3421AD166A00C5E2AE = {
						CreatedOnToolsVersion = 10.0;
					};
					1884FB4B21AD167000C5E2AE = {
						CreatedOnToolsVersion = 10.0;
						TestTargetID = 1884FB3421AD166A00C5E2AE;
					};
					1884FB5621AD167000C5E2AE = {
						CreatedOnToolsVersion = 10.0;
						TestTargetID = 1884FB3421AD166A00C5E2AE;
					};
				};
			};
			buildConfigurationList = 1884FB3021AD166A00C5E2AE /* Build configuration list for PBXProject "ToDoList" */;
			compatibilityVersion = "Xcode 9.3";
			developmentRegion = en;
			hasScannedForEncodings = 0;
			knownRegions = (
				en,
				Base,
			);
			mainGroup = 1884FB2C21AD166A00C5E2AE;
			productRefGroup = 1884FB3621AD166B00C5E2AE /* Products */;
			projectDirPath = "";
			projectRoot = "";
			targets = (
				1884FB3421AD166A00C5E2AE /* ToDoList */,
				1884FB4B21AD167000C5E2AE /* ToDoListTests */,
				1884FB5621AD167000C5E2AE /* ToDoListUITests */,
			);
		};
/* End PBXProject section */

/* Begin PBXResourcesBuildPhase section */
		1884FB3321AD166A00C5E2AE /* Resources */ = {
			isa = PBXResourcesBuildPhase;
			buildActionMask = 2147483647;
			files = (
				1884FB4621AD167000C5E2AE /* LaunchScreen.storyboard in Resources */,
				1884FB4321AD167000C5E2AE /* Assets.xcassets in Resources */,
				1884FB3E21AD166B00C5E2AE /* Main.storyboard in Resources */,
			);
			runOnlyForDeploymentPostprocessing = 0;
		};
		1884FB4A21AD167000C5E2AE /* Resources */ = {
			isa = PBXResourcesBuildPhase;
			buildActionMask = 2147483647;
			files = (
			);
			runOnlyForDeploymentPostprocessing = 0;
		};
		1884FB5521AD167000C5E2AE /* Resources */ = {
			isa = PBXResourcesBuildPhase;
			buildActionMask = 2147483647;
			files = (
			);
			runOnlyForDeploymentPostprocessing = 0;
		};
/* End PBXResourcesBuildPhase section */

/* Begin PBXShellScriptBuildPhase section */
		16279F247F6EF2FB1CF9559B /* [CP] Check Pods Manifest.lock */ = {
			isa = PBXShellScriptBuildPhase;
			buildActionMask = 2147483647;
			files = (
			);
			inputFileListPaths = (
			);
			inputPaths = (
				"${PODS_PODFILE_DIR_PATH}/Podfile.lock",
				"${PODS_ROOT}/Manifest.lock",
			);
			name = "[CP] Check Pods Manifest.lock";
			outputFileListPaths = (
			);
			outputPaths = (
				"$(DERIVED_FILE_DIR)/Pods-ToDoList-checkManifestLockResult.txt",
			);
			runOnlyForDeploymentPostprocessing = 0;
			shellPath = /bin/sh;
			shellScript = "diff \"${PODS_PODFILE_DIR_PATH}/Podfile.lock\" \"${PODS_ROOT}/Manifest.lock\" > /dev/null\nif [ $? != 0 ] ; then\n    # print error to STDERR\n    echo \"error: The sandbox is not in sync with the Podfile.lock. Run 'pod install' or update your CocoaPods installation.\" >&2\n    exit 1\nfi\n# This output is used by Xcode 'outputs' to avoid re-running this script phase.\necho \"SUCCESS\" > \"${SCRIPT_OUTPUT_FILE_0}\"\n";
			showEnvVarsInLog = 0;
		};
		4DCE4D064488C5E92D773070 /* [CP] Copy Pods Resources */ = {
			isa = PBXShellScriptBuildPhase;
			buildActionMask = 2147483647;
			files = (
			);
			inputFileListPaths = (
			);
			inputPaths = (
				"${SRCROOT}/Pods/Target Support Files/Pods-ToDoList/Pods-ToDoList-resources.sh",
				"${PODS_ROOT}/GoogleSignIn/Resources/GoogleSignIn.bundle",
			);
			name = "[CP] Copy Pods Resources";
			outputFileListPaths = (
			);
			outputPaths = (
				"${TARGET_BUILD_DIR}/${UNLOCALIZED_RESOURCES_FOLDER_PATH}/GoogleSignIn.bundle",
			);
			runOnlyForDeploymentPostprocessing = 0;
			shellPath = /bin/sh;
			shellScript = "\"${SRCROOT}/Pods/Target Support Files/Pods-ToDoList/Pods-ToDoList-resources.sh\"\n";
			showEnvVarsInLog = 0;
		};
		578D33CD171D49EA7CB2BFE6 /* [CP] Embed Pods Frameworks */ = {
			isa = PBXShellScriptBuildPhase;
			buildActionMask = 2147483647;
			files = (
			);
			inputFileListPaths = (
			);
			inputPaths = (
				"${SRCROOT}/Pods/Target Support Files/Pods-ToDoList/Pods-ToDoList-frameworks.sh",
				"${BUILT_PRODUCTS_DIR}/GTMOAuth2/GTMOAuth2.framework",
				"${BUILT_PRODUCTS_DIR}/GTMSessionFetcher/GTMSessionFetcher.framework",
				"${BUILT_PRODUCTS_DIR}/GoogleToolboxForMac/GoogleToolboxForMac.framework",
			);
			name = "[CP] Embed Pods Frameworks";
			outputFileListPaths = (
			);
			outputPaths = (
				"${TARGET_BUILD_DIR}/${FRAMEWORKS_FOLDER_PATH}/GTMOAuth2.framework",
				"${TARGET_BUILD_DIR}/${FRAMEWORKS_FOLDER_PATH}/GTMSessionFetcher.framework",
				"${TARGET_BUILD_DIR}/${FRAMEWORKS_FOLDER_PATH}/GoogleToolboxForMac.framework",
			);
			runOnlyForDeploymentPostprocessing = 0;
			shellPath = /bin/sh;
			shellScript = "\"${SRCROOT}/Pods/Target Support Files/Pods-ToDoList/Pods-ToDoList-frameworks.sh\"\n";
			showEnvVarsInLog = 0;
		};
		7AACF3A74542AB486D0443DC /* [CP] Check Pods Manifest.lock */ = {
			isa = PBXShellScriptBuildPhase;
			buildActionMask = 2147483647;
			files = (
			);
			inputFileListPaths = (
			);
			inputPaths = (
				"${PODS_PODFILE_DIR_PATH}/Podfile.lock",
				"${PODS_ROOT}/Manifest.lock",
			);
			name = "[CP] Check Pods Manifest.lock";
			outputFileListPaths = (
			);
			outputPaths = (
				"$(DERIVED_FILE_DIR)/Pods-ToDoListTests-checkManifestLockResult.txt",
			);
			runOnlyForDeploymentPostprocessing = 0;
			shellPath = /bin/sh;
			shellScript = "diff \"${PODS_PODFILE_DIR_PATH}/Podfile.lock\" \"${PODS_ROOT}/Manifest.lock\" > /dev/null\nif [ $? != 0 ] ; then\n    # print error to STDERR\n    echo \"error: The sandbox is not in sync with the Podfile.lock. Run 'pod install' or update your CocoaPods installation.\" >&2\n    exit 1\nfi\n# This output is used by Xcode 'outputs' to avoid re-running this script phase.\necho \"SUCCESS\" > \"${SCRIPT_OUTPUT_FILE_0}\"\n";
			showEnvVarsInLog = 0;
		};
		F2C8C90E41DB99A4BA451C54 /* [CP] Check Pods Manifest.lock */ = {
			isa = PBXShellScriptBuildPhase;
			buildActionMask = 2147483647;
			files = (
			);
			inputFileListPaths = (
			);
			inputPaths = (
				"${PODS_PODFILE_DIR_PATH}/Podfile.lock",
				"${PODS_ROOT}/Manifest.lock",
			);
			name = "[CP] Check Pods Manifest.lock";
			outputFileListPaths = (
			);
			outputPaths = (
				"$(DERIVED_FILE_DIR)/Pods-ToDoListUITests-checkManifestLockResult.txt",
			);
			runOnlyForDeploymentPostprocessing = 0;
			shellPath = /bin/sh;
			shellScript = "diff \"${PODS_PODFILE_DIR_PATH}/Podfile.lock\" \"${PODS_ROOT}/Manifest.lock\" > /dev/null\nif [ $? != 0 ] ; then\n    # print error to STDERR\n    echo \"error: The sandbox is not in sync with the Podfile.lock. Run 'pod install' or update your CocoaPods installation.\" >&2\n    exit 1\nfi\n# This output is used by Xcode 'outputs' to avoid re-running this script phase.\necho \"SUCCESS\" > \"${SCRIPT_OUTPUT_FILE_0}\"\n";
			showEnvVarsInLog = 0;
		};
/* End PBXShellScriptBuildPhase section */

/* Begin PBXSourcesBuildPhase section */
		1884FB3121AD166A00C5E2AE /* Sources */ = {
			isa = PBXSourcesBuildPhase;
			buildActionMask = 2147483647;
			files = (
				1884FB8721ADAC8E00C5E2AE /* LoginViewController.swift in Sources */,
				1884FB4121AD166B00C5E2AE /* ToDoList.xcdatamodeld in Sources */,
				1884FB7A21AD209A00C5E2AE /* UITableViewExtension.swift in Sources */,
				1884FB7621AD175000C5E2AE /* ToDoListViewController.swift in Sources */,
				1884FB3921AD166B00C5E2AE /* AppDelegate.swift in Sources */,
				1884FB8421AD7AFB00C5E2AE /* DBHelper.swift in Sources */,
				1884FB7C21AD269100C5E2AE /* CreateEditToDoViewController.swift in Sources */,
				1884FB7821AD1FBC00C5E2AE /* ToDoListTableViewCell.swift in Sources */,
				1884FB8221AD4E2800C5E2AE /* Constants.swift in Sources */,
			);
			runOnlyForDeploymentPostprocessing = 0;
		};
		1884FB4821AD167000C5E2AE /* Sources */ = {
			isa = PBXSourcesBuildPhase;
			buildActionMask = 2147483647;
			files = (
				1884FB5121AD167000C5E2AE /* ToDoListTests.swift in Sources */,
			);
			runOnlyForDeploymentPostprocessing = 0;
		};
		1884FB5321AD167000C5E2AE /* Sources */ = {
			isa = PBXSourcesBuildPhase;
			buildActionMask = 2147483647;
			files = (
				1884FB5C21AD167000C5E2AE /* ToDoListUITests.swift in Sources */,
			);
			runOnlyForDeploymentPostprocessing = 0;
		};
/* End PBXSourcesBuildPhase section */

/* Begin PBXTargetDependency section */
		1884FB4E21AD167000C5E2AE /* PBXTargetDependency */ = {
			isa = PBXTargetDependency;
			target = 1884FB3421AD166A00C5E2AE /* ToDoList */;
			targetProxy = 1884FB4D21AD167000C5E2AE /* PBXContainerItemProxy */;
		};
		1884FB5921AD167000C5E2AE /* PBXTargetDependency */ = {
			isa = PBXTargetDependency;
			target = 1884FB3421AD166A00C5E2AE /* ToDoList */;
			targetProxy = 1884FB5821AD167000C5E2AE /* PBXContainerItemProxy */;
		};
/* End PBXTargetDependency section */

/* Begin PBXVariantGroup section */
		1884FB3C21AD166B00C5E2AE /* Main.storyboard */ = {
			isa = PBXVariantGroup;
			children = (
				1884FB3D21AD166B00C5E2AE /* Base */,
			);
			name = Main.storyboard;
			sourceTree = "<group>";
		};
		1884FB4421AD167000C5E2AE /* LaunchScreen.storyboard */ = {
			isa = PBXVariantGroup;
			children = (
				1884FB4521AD167000C5E2AE /* Base */,
			);
			name = LaunchScreen.storyboard;
			sourceTree = "<group>";
		};
/* End PBXVariantGroup section */

/* Begin XCBuildConfiguration section */
		1884FB5E21AD167000C5E2AE /* Debug */ = {
			isa = XCBuildConfiguration;
			buildSettings = {
				ALWAYS_SEARCH_USER_PATHS = NO;
				CLANG_ANALYZER_NONNULL = YES;
				CLANG_ANALYZER_NUMBER_OBJECT_CONVERSION = YES_AGGRESSIVE;
				CLANG_CXX_LANGUAGE_STANDARD = "gnu++14";
				CLANG_CXX_LIBRARY = "libc++";
				CLANG_ENABLE_MODULES = YES;
				CLANG_ENABLE_OBJC_ARC = YES;
				CLANG_ENABLE_OBJC_WEAK = YES;
				CLANG_WARN_BLOCK_CAPTURE_AUTORELEASING = YES;
				CLANG_WARN_BOOL_CONVERSION = YES;
				CLANG_WARN_COMMA = YES;
				CLANG_WARN_CONSTANT_CONVERSION = YES;
				CLANG_WARN_DEPRECATED_OBJC_IMPLEMENTATIONS = YES;
				CLANG_WARN_DIRECT_OBJC_ISA_USAGE = YES_ERROR;
				CLANG_WARN_DOCUMENTATION_COMMENTS = YES;
				CLANG_WARN_EMPTY_BODY = YES;
				CLANG_WARN_ENUM_CONVERSION = YES;
				CLANG_WARN_INFINITE_RECURSION = YES;
				CLANG_WARN_INT_CONVERSION = YES;
				CLANG_WARN_NON_LITERAL_NULL_CONVERSION = YES;
				CLANG_WARN_OBJC_IMPLICIT_RETAIN_SELF = YES;
				CLANG_WARN_OBJC_LITERAL_CONVERSION = YES;
				CLANG_WARN_OBJC_ROOT_CLASS = YES_ERROR;
				CLANG_WARN_RANGE_LOOP_ANALYSIS = YES;
				CLANG_WARN_STRICT_PROTOTYPES = YES;
				CLANG_WARN_SUSPICIOUS_MOVE = YES;
				CLANG_WARN_UNGUARDED_AVAILABILITY = YES_AGGRESSIVE;
				CLANG_WARN_UNREACHABLE_CODE = YES;
				CLANG_WARN__DUPLICATE_METHOD_MATCH = YES;
				CODE_SIGN_IDENTITY = "iPhone Developer";
				COPY_PHASE_STRIP = NO;
				DEBUG_INFORMATION_FORMAT = dwarf;
				ENABLE_STRICT_OBJC_MSGSEND = YES;
				ENABLE_TESTABILITY = YES;
				GCC_C_LANGUAGE_STANDARD = gnu11;
				GCC_DYNAMIC_NO_PIC = NO;
				GCC_NO_COMMON_BLOCKS = YES;
				GCC_OPTIMIZATION_LEVEL = 0;
				GCC_PREPROCESSOR_DEFINITIONS = (
					"DEBUG=1",
					"$(inherited)",
				);
				GCC_WARN_64_TO_32_BIT_CONVERSION = YES;
				GCC_WARN_ABOUT_RETURN_TYPE = YES_ERROR;
				GCC_WARN_UNDECLARED_SELECTOR = YES;
				GCC_WARN_UNINITIALIZED_AUTOS = YES_AGGRESSIVE;
				GCC_WARN_UNUSED_FUNCTION = YES;
				GCC_WARN_UNUSED_VARIABLE = YES;
				IPHONEOS_DEPLOYMENT_TARGET = 12.0;
				MTL_ENABLE_DEBUG_INFO = INCLUDE_SOURCE;
				MTL_FAST_MATH = YES;
				ONLY_ACTIVE_ARCH = YES;
				SDKROOT = iphoneos;
				SWIFT_ACTIVE_COMPILATION_CONDITIONS = DEBUG;
				SWIFT_OPTIMIZATION_LEVEL = "-Onone";
			};
			name = Debug;
		};
		1884FB5F21AD167000C5E2AE /* Release */ = {
			isa = XCBuildConfiguration;
			buildSettings = {
				ALWAYS_SEARCH_USER_PATHS = NO;
				CLANG_ANALYZER_NONNULL = YES;
				CLANG_ANALYZER_NUMBER_OBJECT_CONVERSION = YES_AGGRESSIVE;
				CLANG_CXX_LANGUAGE_STANDARD = "gnu++14";
				CLANG_CXX_LIBRARY = "libc++";
				CLANG_ENABLE_MODULES = YES;
				CLANG_ENABLE_OBJC_ARC = YES;
				CLANG_ENABLE_OBJC_WEAK = YES;
				CLANG_WARN_BLOCK_CAPTURE_AUTORELEASING = YES;
				CLANG_WARN_BOOL_CONVERSION = YES;
				CLANG_WARN_COMMA = YES;
				CLANG_WARN_CONSTANT_CONVERSION = YES;
				CLANG_WARN_DEPRECATED_OBJC_IMPLEMENTATIONS = YES;
				CLANG_WARN_DIRECT_OBJC_ISA_USAGE = YES_ERROR;
				CLANG_WARN_DOCUMENTATION_COMMENTS = YES;
				CLANG_WARN_EMPTY_BODY = YES;
				CLANG_WARN_ENUM_CONVERSION = YES;
				CLANG_WARN_INFINITE_RECURSION = YES;
				CLANG_WARN_INT_CONVERSION = YES;
				CLANG_WARN_NON_LITERAL_NULL_CONVERSION = YES;
				CLANG_WARN_OBJC_IMPLICIT_RETAIN_SELF = YES;
				CLANG_WARN_OBJC_LITERAL_CONVERSION = YES;
				CLANG_WARN_OBJC_ROOT_CLASS = YES_ERROR;
				CLANG_WARN_RANGE_LOOP_ANALYSIS = YES;
				CLANG_WARN_STRICT_PROTOTYPES = YES;
				CLANG_WARN_SUSPICIOUS_MOVE = YES;
				CLANG_WARN_UNGUARDED_AVAILABILITY = YES_AGGRESSIVE;
				CLANG_WARN_UNREACHABLE_CODE = YES;
				CLANG_WARN__DUPLICATE_METHOD_MATCH = YES;
				CODE_SIGN_IDENTITY = "iPhone Developer";
				COPY_PHASE_STRIP = NO;
				DEBUG_INFORMATION_FORMAT = "dwarf-with-dsym";
				ENABLE_NS_ASSERTIONS = NO;
				ENABLE_STRICT_OBJC_MSGSEND = YES;
				GCC_C_LANGUAGE_STANDARD = gnu11;
				GCC_NO_COMMON_BLOCKS = YES;
				GCC_WARN_64_TO_32_BIT_CONVERSION = YES;
				GCC_WARN_ABOUT_RETURN_TYPE = YES_ERROR;
				GCC_WARN_UNDECLARED_SELECTOR = YES;
				GCC_WARN_UNINITIALIZED_AUTOS = YES_AGGRESSIVE;
				GCC_WARN_UNUSED_FUNCTION = YES;
				GCC_WARN_UNUSED_VARIABLE = YES;
				IPHONEOS_DEPLOYMENT_TARGET = 12.0;
				MTL_ENABLE_DEBUG_INFO = NO;
				MTL_FAST_MATH = YES;
				SDKROOT = iphoneos;
				SWIFT_COMPILATION_MODE = wholemodule;
				SWIFT_OPTIMIZATION_LEVEL = "-O";
				VALIDATE_PRODUCT = YES;
			};
			name = Release;
		};
		1884FB6121AD167000C5E2AE /* Debug */ = {
			isa = XCBuildConfiguration;
			baseConfigurationReference = F57DCD36517F5551903711D1 /* Pods-ToDoList.debug.xcconfig */;
			buildSettings = {
				ASSETCATALOG_COMPILER_APPICON_NAME = AppIcon;
				CODE_SIGN_STYLE = Manual;
				DEVELOPMENT_TEAM = "";
				INFOPLIST_FILE = ToDoList/Info.plist;
				IPHONEOS_DEPLOYMENT_TARGET = 10.0;
				LD_RUNPATH_SEARCH_PATHS = (
					"$(inherited)",
					"@executable_path/Frameworks",
				);
				PRODUCT_BUNDLE_IDENTIFIER = com.faris.todo.ToDoList;
				PRODUCT_NAME = "$(TARGET_NAME)";
				PROVISIONING_PROFILE_SPECIFIER = "";
				SWIFT_VERSION = 4.2;
				TARGETED_DEVICE_FAMILY = "1,2";
			};
			name = Debug;
		};
		1884FB6221AD167000C5E2AE /* Release */ = {
			isa = XCBuildConfiguration;
			baseConfigurationReference = 82994AB2FEDF6E21C2EB81B3 /* Pods-ToDoList.release.xcconfig */;
			buildSettings = {
				ASSETCATALOG_COMPILER_APPICON_NAME = AppIcon;
				CODE_SIGN_STYLE = Manual;
				DEVELOPMENT_TEAM = "";
				INFOPLIST_FILE = ToDoList/Info.plist;
				IPHONEOS_DEPLOYMENT_TARGET = 10.0;
				LD_RUNPATH_SEARCH_PATHS = (
					"$(inherited)",
					"@executable_path/Frameworks",
				);
				PRODUCT_BUNDLE_IDENTIFIER = com.faris.todo.ToDoList;
				PRODUCT_NAME = "$(TARGET_NAME)";
				PROVISIONING_PROFILE_SPECIFIER = "";
				SWIFT_VERSION = 4.2;
				TARGETED_DEVICE_FAMILY = "1,2";
			};
			name = Release;
		};
		1884FB6421AD167000C5E2AE /* Debug */ = {
			isa = XCBuildConfiguration;
			baseConfigurationReference = 911BC6C2F9E2156F6FA96A5C /* Pods-ToDoListTests.debug.xcconfig */;
			buildSettings = {
				ALWAYS_EMBED_SWIFT_STANDARD_LIBRARIES = YES;
				BUNDLE_LOADER = "$(TEST_HOST)";
				CODE_SIGN_STYLE = Automatic;
				INFOPLIST_FILE = ToDoListTests/Info.plist;
				LD_RUNPATH_SEARCH_PATHS = (
					"$(inherited)",
					"@executable_path/Frameworks",
					"@loader_path/Frameworks",
				);
				PRODUCT_BUNDLE_IDENTIFIER = com.faris.todo.ToDoListTests;
				PRODUCT_NAME = "$(TARGET_NAME)";
				SWIFT_VERSION = 4.2;
				TARGETED_DEVICE_FAMILY = "1,2";
				TEST_HOST = "$(BUILT_PRODUCTS_DIR)/ToDoList.app/ToDoList";
			};
			name = Debug;
		};
		1884FB6521AD167000C5E2AE /* Release */ = {
			isa = XCBuildConfiguration;
			baseConfigurationReference = 8E4CE058DE2C827D392A9189 /* Pods-ToDoListTests.release.xcconfig */;
			buildSettings = {
				ALWAYS_EMBED_SWIFT_STANDARD_LIBRARIES = YES;
				BUNDLE_LOADER = "$(TEST_HOST)";
				CODE_SIGN_STYLE = Automatic;
				INFOPLIST_FILE = ToDoListTests/Info.plist;
				LD_RUNPATH_SEARCH_PATHS = (
					"$(inherited)",
					"@executable_path/Frameworks",
					"@loader_path/Frameworks",
				);
				PRODUCT_BUNDLE_IDENTIFIER = com.faris.todo.ToDoListTests;
				PRODUCT_NAME = "$(TARGET_NAME)";
				SWIFT_VERSION = 4.2;
				TARGETED_DEVICE_FAMILY = "1,2";
				TEST_HOST = "$(BUILT_PRODUCTS_DIR)/ToDoList.app/ToDoList";
			};
			name = Release;
		};
		1884FB6721AD167000C5E2AE /* Debug */ = {
			isa = XCBuildConfiguration;
			baseConfigurationReference = 16FF5B6ECB8B48C896E1C548 /* Pods-ToDoListUITests.debug.xcconfig */;
			buildSettings = {
				ALWAYS_EMBED_SWIFT_STANDARD_LIBRARIES = YES;
				CODE_SIGN_STYLE = Automatic;
				INFOPLIST_FILE = ToDoListUITests/Info.plist;
				LD_RUNPATH_SEARCH_PATHS = (
					"$(inherited)",
					"@executable_path/Frameworks",
					"@loader_path/Frameworks",
				);
				PRODUCT_BUNDLE_IDENTIFIER = com.faris.todo.ToDoListUITests;
				PRODUCT_NAME = "$(TARGET_NAME)";
				SWIFT_VERSION = 4.2;
				TARGETED_DEVICE_FAMILY = "1,2";
				TEST_TARGET_NAME = ToDoList;
			};
			name = Debug;
		};
		1884FB6821AD167000C5E2AE /* Release */ = {
			isa = XCBuildConfiguration;
			baseConfigurationReference = 67293A8F36F86A5DBA854FE7 /* Pods-ToDoListUITests.release.xcconfig */;
			buildSettings = {
				ALWAYS_EMBED_SWIFT_STANDARD_LIBRARIES = YES;
				CODE_SIGN_STYLE = Automatic;
				INFOPLIST_FILE = ToDoListUITests/Info.plist;
				LD_RUNPATH_SEARCH_PATHS = (
					"$(inherited)",
					"@executable_path/Frameworks",
					"@loader_path/Frameworks",
				);
				PRODUCT_BUNDLE_IDENTIFIER = com.faris.todo.ToDoListUITests;
				PRODUCT_NAME = "$(TARGET_NAME)";
				SWIFT_VERSION = 4.2;
				TARGETED_DEVICE_FAMILY = "1,2";
				TEST_TARGET_NAME = ToDoList;
			};
			name = Release;
		};
/* End XCBuildConfiguration section */

/* Begin XCConfigurationList section */
		1884FB3021AD166A00C5E2AE /* Build configuration list for PBXProject "ToDoList" */ = {
			isa = XCConfigurationList;
			buildConfigurations = (
				1884FB5E21AD167000C5E2AE /* Debug */,
				1884FB5F21AD167000C5E2AE /* Release */,
			);
			defaultConfigurationIsVisible = 0;
			defaultConfigurationName = Release;
		};
		1884FB6021AD167000C5E2AE /* Build configuration list for PBXNativeTarget "ToDoList" */ = {
			isa = XCConfigurationList;
			buildConfigurations = (
				1884FB6121AD167000C5E2AE /* Debug */,
				1884FB6221AD167000C5E2AE /* Release */,
			);
			defaultConfigurationIsVisible = 0;
			defaultConfigurationName = Release;
		};
		1884FB6321AD167000C5E2AE /* Build configuration list for PBXNativeTarget "ToDoListTests" */ = {
			isa = XCConfigurationList;
			buildConfigurations = (
				1884FB6421AD167000C5E2AE /* Debug */,
				1884FB6521AD167000C5E2AE /* Release */,
			);
			defaultConfigurationIsVisible = 0;
			defaultConfigurationName = Release;
		};
		1884FB6621AD167000C5E2AE /* Build configuration list for PBXNativeTarget "ToDoListUITests" */ = {
			isa = XCConfigurationList;
			buildConfigurations = (
				1884FB6721AD167000C5E2AE /* Debug */,
				1884FB6821AD167000C5E2AE /* Release */,
			);
			defaultConfigurationIsVisible = 0;
			defaultConfigurationName = Release;
		};
/* End XCConfigurationList section */

/* Begin XCVersionGroup section */
		1884FB3F21AD166B00C5E2AE /* ToDoList.xcdatamodeld */ = {
			isa = XCVersionGroup;
			children = (
				1884FB4021AD166B00C5E2AE /* ToDoList.xcdatamodel */,
			);
			currentVersion = 1884FB4021AD166B00C5E2AE /* ToDoList.xcdatamodel */;
			path = ToDoList.xcdatamodeld;
			sourceTree = "<group>";
			versionGroupType = wrapper.xcdatamodel;
		};
/* End XCVersionGroup section */
	};
	rootObject = 1884FB2D21AD166A00C5E2AE /* Project object */;
}
